// !$*UTF8*$!
{
	archiveVersion = 1;
	classes = {
	};
	objectVersion = 56;
	objects = {

/* Begin PBXBuildFile section */
		650426F028F6699200480677 /* NowPlayingViewController.swift in Sources */ = {isa = PBXBuildFile; fileRef = 650426EF28F6699200480677 /* NowPlayingViewController.swift */; };
		650426F328F669DA00480677 /* Router.swift in Sources */ = {isa = PBXBuildFile; fileRef = 650426F228F669DA00480677 /* Router.swift */; };
		650426F528F66E4600480677 /* GlobalService.swift in Sources */ = {isa = PBXBuildFile; fileRef = 650426F428F66E4600480677 /* GlobalService.swift */; };
		650426FA28F683C200480677 /* Genre.json in Resources */ = {isa = PBXBuildFile; fileRef = 650426F928F683C200480677 /* Genre.json */; };
		650426FD28F68A9500480677 /* NetworkServiceTypeMock.swift in Sources */ = {isa = PBXBuildFile; fileRef = 650426FC28F68A9500480677 /* NetworkServiceTypeMock.swift */; };
		6504270028F68AC500480677 /* LoadFileExt.swift in Sources */ = {isa = PBXBuildFile; fileRef = 650426FF28F68AC500480677 /* LoadFileExt.swift */; };
		6504270228F6ACBC00480677 /* Movie.swift in Sources */ = {isa = PBXBuildFile; fileRef = 6504270128F6ACBC00480677 /* Movie.swift */; };
		6504270428F6B11E00480677 /* NowPlayingViewModel.swift in Sources */ = {isa = PBXBuildFile; fileRef = 6504270328F6B11E00480677 /* NowPlayingViewModel.swift */; };
		6504270628F6B12500480677 /* NowPlayingViewModelType.swift in Sources */ = {isa = PBXBuildFile; fileRef = 6504270528F6B12500480677 /* NowPlayingViewModelType.swift */; };
		6504270828F6C77200480677 /* MoviePosterCollectionCell.swift in Sources */ = {isa = PBXBuildFile; fileRef = 6504270728F6C77200480677 /* MoviePosterCollectionCell.swift */; };
		6504270B28F6C81F00480677 /* SDWebImage in Frameworks */ = {isa = PBXBuildFile; productRef = 6504270A28F6C81F00480677 /* SDWebImage */; };
		650F60A428F560810011983F /* AppDelegate.swift in Sources */ = {isa = PBXBuildFile; fileRef = 650F60A328F560810011983F /* AppDelegate.swift */; };
		650F60A628F560810011983F /* SceneDelegate.swift in Sources */ = {isa = PBXBuildFile; fileRef = 650F60A528F560810011983F /* SceneDelegate.swift */; };
		650F60A828F560810011983F /* SplashViewController.swift in Sources */ = {isa = PBXBuildFile; fileRef = 650F60A728F560810011983F /* SplashViewController.swift */; };
		650F60AB28F560810011983F /* Main.storyboard in Resources */ = {isa = PBXBuildFile; fileRef = 650F60A928F560810011983F /* Main.storyboard */; };
		650F60AD28F560810011983F /* Assets.xcassets in Resources */ = {isa = PBXBuildFile; fileRef = 650F60AC28F560810011983F /* Assets.xcassets */; };
		650F60B028F560810011983F /* LaunchScreen.storyboard in Resources */ = {isa = PBXBuildFile; fileRef = 650F60AE28F560810011983F /* LaunchScreen.storyboard */; };
		650F60BB28F560820011983F /* TheMoviesDBTests.swift in Sources */ = {isa = PBXBuildFile; fileRef = 650F60BA28F560820011983F /* TheMoviesDBTests.swift */; };
		650F60C528F560820011983F /* TheMoviesDBUITests.swift in Sources */ = {isa = PBXBuildFile; fileRef = 650F60C428F560820011983F /* TheMoviesDBUITests.swift */; };
		650F60C728F560820011983F /* TheMoviesDBUITestsLaunchTests.swift in Sources */ = {isa = PBXBuildFile; fileRef = 650F60C628F560820011983F /* TheMoviesDBUITestsLaunchTests.swift */; };
		650F60D628F561200011983F /* Resource.swift in Sources */ = {isa = PBXBuildFile; fileRef = 650F60D528F561200011983F /* Resource.swift */; };
		650F60D828F561500011983F /* NetworkServiceType.swift in Sources */ = {isa = PBXBuildFile; fileRef = 650F60D728F561500011983F /* NetworkServiceType.swift */; };
		650F60DA28F561680011983F /* NetworkService.swift in Sources */ = {isa = PBXBuildFile; fileRef = 650F60D928F561680011983F /* NetworkService.swift */; };
		650F60DD28F56BE80011983F /* MovieUseCase.swift in Sources */ = {isa = PBXBuildFile; fileRef = 650F60DC28F56BE80011983F /* MovieUseCase.swift */; };
		650F60E028F56C3D0011983F /* Genre.swift in Sources */ = {isa = PBXBuildFile; fileRef = 650F60DF28F56C3D0011983F /* Genre.swift */; };
		650F60E228F56D790011983F /* MovieResource.swift in Sources */ = {isa = PBXBuildFile; fileRef = 650F60E128F56D790011983F /* MovieResource.swift */; };
		650F60E728F56F5D0011983F /* ApiConstants.swift in Sources */ = {isa = PBXBuildFile; fileRef = 650F60E628F56F5D0011983F /* ApiConstants.swift */; };
		6513609328F818FD006062AC /* TopRateViewController.swift in Sources */ = {isa = PBXBuildFile; fileRef = 6513609228F818FD006062AC /* TopRateViewController.swift */; };
		6513609528F81936006062AC /* TopRateViewModel.swift in Sources */ = {isa = PBXBuildFile; fileRef = 6513609428F81936006062AC /* TopRateViewModel.swift */; };
		6519D6EC28F7B47600ADB3E3 /* MoviePosterCollectionCell.xib in Resources */ = {isa = PBXBuildFile; fileRef = 6519D6EB28F7B47600ADB3E3 /* MoviePosterCollectionCell.xib */; };
		6539CB9728F870090071CC4C /* SDWebImage in Frameworks */ = {isa = PBXBuildFile; productRef = 6539CB9628F870090071CC4C /* SDWebImage */; };
		6539CB9928F870610071CC4C /* NowPlaying.json in Resources */ = {isa = PBXBuildFile; fileRef = 6539CB9828F870610071CC4C /* NowPlaying.json */; };
		6539CB9D28F880AE0071CC4C /* UpcomingViewModel.swift in Sources */ = {isa = PBXBuildFile; fileRef = 6539CB9B28F880AE0071CC4C /* UpcomingViewModel.swift */; };
		6539CB9E28F880AE0071CC4C /* UpcomingViewController.swift in Sources */ = {isa = PBXBuildFile; fileRef = 6539CB9C28F880AE0071CC4C /* UpcomingViewController.swift */; };
		6539CBA128F883BB0071CC4C /* SearchMovieViewController.swift in Sources */ = {isa = PBXBuildFile; fileRef = 6539CBA028F883BB0071CC4C /* SearchMovieViewController.swift */; };
		6565D99828F9B17C002A846A /* SearchResultCell.swift in Sources */ = {isa = PBXBuildFile; fileRef = 6565D99728F9B17C002A846A /* SearchResultCell.swift */; };
		6565D99A28F9B188002A846A /* SearchResultCell.xib in Resources */ = {isa = PBXBuildFile; fileRef = 6565D99928F9B188002A846A /* SearchResultCell.xib */; };
		6565D99F28F9BD8E002A846A /* SearchMovieViewModelType.swift in Sources */ = {isa = PBXBuildFile; fileRef = 6565D99E28F9BD8E002A846A /* SearchMovieViewModelType.swift */; };
		6565D9A128F9BD98002A846A /* SearchMovieViewModel.swift in Sources */ = {isa = PBXBuildFile; fileRef = 6565D9A028F9BD98002A846A /* SearchMovieViewModel.swift */; };
		6565D9A328F9CE80002A846A /* Scheduler.swift in Sources */ = {isa = PBXBuildFile; fileRef = 6565D9A228F9CE80002A846A /* Scheduler.swift */; };
		657BC39C28F5C8A0009F24CF /* SplashViewModel.swift in Sources */ = {isa = PBXBuildFile; fileRef = 657BC39B28F5C8A0009F24CF /* SplashViewModel.swift */; };
		657BC39E28F5C917009F24CF /* SplashViewModelType.swift in Sources */ = {isa = PBXBuildFile; fileRef = 657BC39D28F5C917009F24CF /* SplashViewModelType.swift */; };
		65B3CD3A28F7ED82004846A5 /* PopularViewController.swift in Sources */ = {isa = PBXBuildFile; fileRef = 65B3CD3928F7ED82004846A5 /* PopularViewController.swift */; };
		65B3CD3C28F7EDB0004846A5 /* PopularViewModel.swift in Sources */ = {isa = PBXBuildFile; fileRef = 65B3CD3B28F7EDB0004846A5 /* PopularViewModel.swift */; };
/* End PBXBuildFile section */

/* Begin PBXContainerItemProxy section */
		650F60B728F560820011983F /* PBXContainerItemProxy */ = {
			isa = PBXContainerItemProxy;
			containerPortal = 650F609828F560810011983F /* Project object */;
			proxyType = 1;
			remoteGlobalIDString = 650F609F28F560810011983F;
			remoteInfo = TheMoviesDB;
		};
		650F60C128F560820011983F /* PBXContainerItemProxy */ = {
			isa = PBXContainerItemProxy;
			containerPortal = 650F609828F560810011983F /* Project object */;
			proxyType = 1;
			remoteGlobalIDString = 650F609F28F560810011983F;
			remoteInfo = TheMoviesDB;
		};
/* End PBXContainerItemProxy section */

/* Begin PBXFileReference section */
		650426EF28F6699200480677 /* NowPlayingViewController.swift */ = {isa = PBXFileReference; lastKnownFileType = sourcecode.swift; path = NowPlayingViewController.swift; sourceTree = "<group>"; };
		650426F228F669DA00480677 /* Router.swift */ = {isa = PBXFileReference; lastKnownFileType = sourcecode.swift; path = Router.swift; sourceTree = "<group>"; };
		650426F428F66E4600480677 /* GlobalService.swift */ = {isa = PBXFileReference; lastKnownFileType = sourcecode.swift; path = GlobalService.swift; sourceTree = "<group>"; };
		650426F928F683C200480677 /* Genre.json */ = {isa = PBXFileReference; fileEncoding = 4; lastKnownFileType = text.json; path = Genre.json; sourceTree = "<group>"; };
		650426FC28F68A9500480677 /* NetworkServiceTypeMock.swift */ = {isa = PBXFileReference; lastKnownFileType = sourcecode.swift; path = NetworkServiceTypeMock.swift; sourceTree = "<group>"; };
		650426FF28F68AC500480677 /* LoadFileExt.swift */ = {isa = PBXFileReference; lastKnownFileType = sourcecode.swift; path = LoadFileExt.swift; sourceTree = "<group>"; };
		6504270128F6ACBC00480677 /* Movie.swift */ = {isa = PBXFileReference; lastKnownFileType = sourcecode.swift; path = Movie.swift; sourceTree = "<group>"; };
		6504270328F6B11E00480677 /* NowPlayingViewModel.swift */ = {isa = PBXFileReference; lastKnownFileType = sourcecode.swift; path = NowPlayingViewModel.swift; sourceTree = "<group>"; };
		6504270528F6B12500480677 /* NowPlayingViewModelType.swift */ = {isa = PBXFileReference; lastKnownFileType = sourcecode.swift; path = NowPlayingViewModelType.swift; sourceTree = "<group>"; };
		6504270728F6C77200480677 /* MoviePosterCollectionCell.swift */ = {isa = PBXFileReference; lastKnownFileType = sourcecode.swift; path = MoviePosterCollectionCell.swift; sourceTree = "<group>"; };
		650F60A028F560810011983F /* TheMoviesDB.app */ = {isa = PBXFileReference; explicitFileType = wrapper.application; includeInIndex = 0; path = TheMoviesDB.app; sourceTree = BUILT_PRODUCTS_DIR; };
		650F60A328F560810011983F /* AppDelegate.swift */ = {isa = PBXFileReference; lastKnownFileType = sourcecode.swift; path = AppDelegate.swift; sourceTree = "<group>"; };
		650F60A528F560810011983F /* SceneDelegate.swift */ = {isa = PBXFileReference; lastKnownFileType = sourcecode.swift; path = SceneDelegate.swift; sourceTree = "<group>"; };
		650F60A728F560810011983F /* SplashViewController.swift */ = {isa = PBXFileReference; lastKnownFileType = sourcecode.swift; path = SplashViewController.swift; sourceTree = "<group>"; };
		650F60AA28F560810011983F /* Base */ = {isa = PBXFileReference; lastKnownFileType = file.storyboard; name = Base; path = Base.lproj/Main.storyboard; sourceTree = "<group>"; };
		650F60AC28F560810011983F /* Assets.xcassets */ = {isa = PBXFileReference; lastKnownFileType = folder.assetcatalog; path = Assets.xcassets; sourceTree = "<group>"; };
		650F60AF28F560810011983F /* Base */ = {isa = PBXFileReference; lastKnownFileType = file.storyboard; name = Base; path = Base.lproj/LaunchScreen.storyboard; sourceTree = "<group>"; };
		650F60B128F560810011983F /* Info.plist */ = {isa = PBXFileReference; lastKnownFileType = text.plist.xml; path = Info.plist; sourceTree = "<group>"; };
		650F60B628F560820011983F /* TheMoviesDBTests.xctest */ = {isa = PBXFileReference; explicitFileType = wrapper.cfbundle; includeInIndex = 0; path = TheMoviesDBTests.xctest; sourceTree = BUILT_PRODUCTS_DIR; };
		650F60BA28F560820011983F /* TheMoviesDBTests.swift */ = {isa = PBXFileReference; lastKnownFileType = sourcecode.swift; path = TheMoviesDBTests.swift; sourceTree = "<group>"; };
		650F60C028F560820011983F /* TheMoviesDBUITests.xctest */ = {isa = PBXFileReference; explicitFileType = wrapper.cfbundle; includeInIndex = 0; path = TheMoviesDBUITests.xctest; sourceTree = BUILT_PRODUCTS_DIR; };
		650F60C428F560820011983F /* TheMoviesDBUITests.swift */ = {isa = PBXFileReference; lastKnownFileType = sourcecode.swift; path = TheMoviesDBUITests.swift; sourceTree = "<group>"; };
		650F60C628F560820011983F /* TheMoviesDBUITestsLaunchTests.swift */ = {isa = PBXFileReference; lastKnownFileType = sourcecode.swift; path = TheMoviesDBUITestsLaunchTests.swift; sourceTree = "<group>"; };
		650F60D528F561200011983F /* Resource.swift */ = {isa = PBXFileReference; lastKnownFileType = sourcecode.swift; path = Resource.swift; sourceTree = "<group>"; };
		650F60D728F561500011983F /* NetworkServiceType.swift */ = {isa = PBXFileReference; lastKnownFileType = sourcecode.swift; path = NetworkServiceType.swift; sourceTree = "<group>"; };
		650F60D928F561680011983F /* NetworkService.swift */ = {isa = PBXFileReference; lastKnownFileType = sourcecode.swift; path = NetworkService.swift; sourceTree = "<group>"; };
		650F60DC28F56BE80011983F /* MovieUseCase.swift */ = {isa = PBXFileReference; lastKnownFileType = sourcecode.swift; path = MovieUseCase.swift; sourceTree = "<group>"; };
		650F60DF28F56C3D0011983F /* Genre.swift */ = {isa = PBXFileReference; lastKnownFileType = sourcecode.swift; path = Genre.swift; sourceTree = "<group>"; };
		650F60E128F56D790011983F /* MovieResource.swift */ = {isa = PBXFileReference; lastKnownFileType = sourcecode.swift; path = MovieResource.swift; sourceTree = "<group>"; };
		650F60E628F56F5D0011983F /* ApiConstants.swift */ = {isa = PBXFileReference; lastKnownFileType = sourcecode.swift; path = ApiConstants.swift; sourceTree = "<group>"; };
		6513609228F818FD006062AC /* TopRateViewController.swift */ = {isa = PBXFileReference; lastKnownFileType = sourcecode.swift; path = TopRateViewController.swift; sourceTree = "<group>"; };
		6513609428F81936006062AC /* TopRateViewModel.swift */ = {isa = PBXFileReference; fileEncoding = 4; lastKnownFileType = sourcecode.swift; path = TopRateViewModel.swift; sourceTree = "<group>"; };
		6519D6EB28F7B47600ADB3E3 /* MoviePosterCollectionCell.xib */ = {isa = PBXFileReference; lastKnownFileType = file.xib; path = MoviePosterCollectionCell.xib; sourceTree = "<group>"; };
		6539CB9828F870610071CC4C /* NowPlaying.json */ = {isa = PBXFileReference; fileEncoding = 4; lastKnownFileType = text.json; path = NowPlaying.json; sourceTree = "<group>"; };
		6539CB9B28F880AE0071CC4C /* UpcomingViewModel.swift */ = {isa = PBXFileReference; fileEncoding = 4; lastKnownFileType = sourcecode.swift; path = UpcomingViewModel.swift; sourceTree = "<group>"; };
		6539CB9C28F880AE0071CC4C /* UpcomingViewController.swift */ = {isa = PBXFileReference; fileEncoding = 4; lastKnownFileType = sourcecode.swift; path = UpcomingViewController.swift; sourceTree = "<group>"; };
		6539CBA028F883BB0071CC4C /* SearchMovieViewController.swift */ = {isa = PBXFileReference; lastKnownFileType = sourcecode.swift; path = SearchMovieViewController.swift; sourceTree = "<group>"; };
		6565D99728F9B17C002A846A /* SearchResultCell.swift */ = {isa = PBXFileReference; lastKnownFileType = sourcecode.swift; path = SearchResultCell.swift; sourceTree = "<group>"; };
		6565D99928F9B188002A846A /* SearchResultCell.xib */ = {isa = PBXFileReference; lastKnownFileType = file.xib; path = SearchResultCell.xib; sourceTree = "<group>"; };
		6565D99E28F9BD8E002A846A /* SearchMovieViewModelType.swift */ = {isa = PBXFileReference; lastKnownFileType = sourcecode.swift; path = SearchMovieViewModelType.swift; sourceTree = "<group>"; };
		6565D9A028F9BD98002A846A /* SearchMovieViewModel.swift */ = {isa = PBXFileReference; lastKnownFileType = sourcecode.swift; path = SearchMovieViewModel.swift; sourceTree = "<group>"; };
		6565D9A228F9CE80002A846A /* Scheduler.swift */ = {isa = PBXFileReference; lastKnownFileType = sourcecode.swift; path = Scheduler.swift; sourceTree = "<group>"; };
		657BC39B28F5C8A0009F24CF /* SplashViewModel.swift */ = {isa = PBXFileReference; lastKnownFileType = sourcecode.swift; path = SplashViewModel.swift; sourceTree = "<group>"; };
		657BC39D28F5C917009F24CF /* SplashViewModelType.swift */ = {isa = PBXFileReference; lastKnownFileType = sourcecode.swift; path = SplashViewModelType.swift; sourceTree = "<group>"; };
		65B3CD3928F7ED82004846A5 /* PopularViewController.swift */ = {isa = PBXFileReference; lastKnownFileType = sourcecode.swift; path = PopularViewController.swift; sourceTree = "<group>"; };
		65B3CD3B28F7EDB0004846A5 /* PopularViewModel.swift */ = {isa = PBXFileReference; lastKnownFileType = sourcecode.swift; path = PopularViewModel.swift; sourceTree = "<group>"; };
/* End PBXFileReference section */

/* Begin PBXFrameworksBuildPhase section */
		650F609D28F560810011983F /* Frameworks */ = {
			isa = PBXFrameworksBuildPhase;
			buildActionMask = 2147483647;
			files = (
				6504270B28F6C81F00480677 /* SDWebImage in Frameworks */,
			);
			runOnlyForDeploymentPostprocessing = 0;
		};
		650F60B328F560820011983F /* Frameworks */ = {
			isa = PBXFrameworksBuildPhase;
			buildActionMask = 2147483647;
			files = (
				6539CB9728F870090071CC4C /* SDWebImage in Frameworks */,
			);
			runOnlyForDeploymentPostprocessing = 0;
		};
		650F60BD28F560820011983F /* Frameworks */ = {
			isa = PBXFrameworksBuildPhase;
			buildActionMask = 2147483647;
			files = (
			);
			runOnlyForDeploymentPostprocessing = 0;
		};
/* End PBXFrameworksBuildPhase section */

/* Begin PBXGroup section */
		650426EE28F6697900480677 /* NowPlaying */ = {
			isa = PBXGroup;
			children = (
				6539CB9A28F880920071CC4C /* Upcoming */,
				6513609128F818E7006062AC /* TopRate */,
				65B3CD3828F7ED69004846A5 /* Popular */,
				650426EF28F6699200480677 /* NowPlayingViewController.swift */,
				6504270328F6B11E00480677 /* NowPlayingViewModel.swift */,
				6504270528F6B12500480677 /* NowPlayingViewModelType.swift */,
				6504270728F6C77200480677 /* MoviePosterCollectionCell.swift */,
				6519D6EB28F7B47600ADB3E3 /* MoviePosterCollectionCell.xib */,
			);
			path = NowPlaying;
			sourceTree = "<group>";
		};
		650426F128F669CF00480677 /* Router */ = {
			isa = PBXGroup;
			children = (
				650426F228F669DA00480677 /* Router.swift */,
			);
			path = Router;
			sourceTree = "<group>";
		};
		650426F628F67D1500480677 /* Responses */ = {
			isa = PBXGroup;
			children = (
				6539CB9828F870610071CC4C /* NowPlaying.json */,
				650426F928F683C200480677 /* Genre.json */,
			);
			path = Responses;
			sourceTree = "<group>";
		};
		650426FB28F68A8B00480677 /* Mocks */ = {
			isa = PBXGroup;
			children = (
				650426FC28F68A9500480677 /* NetworkServiceTypeMock.swift */,
			);
			path = Mocks;
			sourceTree = "<group>";
		};
		650426FE28F68AB500480677 /* Extensions */ = {
			isa = PBXGroup;
			children = (
				650426FF28F68AC500480677 /* LoadFileExt.swift */,
			);
			path = Extensions;
			sourceTree = "<group>";
		};
		650F609728F560810011983F = {
			isa = PBXGroup;
			children = (
				650F60A228F560810011983F /* TheMoviesDB */,
				650F60B928F560820011983F /* TheMoviesDBTests */,
				650F60C328F560820011983F /* TheMoviesDBUITests */,
				650F60A128F560810011983F /* Products */,
				6539CB9528F870090071CC4C /* Frameworks */,
			);
			sourceTree = "<group>";
		};
		650F60A128F560810011983F /* Products */ = {
			isa = PBXGroup;
			children = (
				650F60A028F560810011983F /* TheMoviesDB.app */,
				650F60B628F560820011983F /* TheMoviesDBTests.xctest */,
				650F60C028F560820011983F /* TheMoviesDBUITests.xctest */,
			);
			name = Products;
			sourceTree = "<group>";
		};
		650F60A228F560810011983F /* TheMoviesDB */ = {
			isa = PBXGroup;
			children = (
				6539CB9228F848660071CC4C /* Extensions */,
				650426F128F669CF00480677 /* Router */,
				657BC39928F5C882009F24CF /* Screens */,
				650F60DB28F5632E0011983F /* UseCases */,
				650F60D328F560DE0011983F /* Services */,
				650F60A328F560810011983F /* AppDelegate.swift */,
				650F60A528F560810011983F /* SceneDelegate.swift */,
				650F60A928F560810011983F /* Main.storyboard */,
				650F60AC28F560810011983F /* Assets.xcassets */,
				650F60AE28F560810011983F /* LaunchScreen.storyboard */,
				650F60B128F560810011983F /* Info.plist */,
			);
			path = TheMoviesDB;
			sourceTree = "<group>";
		};
		650F60B928F560820011983F /* TheMoviesDBTests */ = {
			isa = PBXGroup;
			children = (
				650426FE28F68AB500480677 /* Extensions */,
				650426FB28F68A8B00480677 /* Mocks */,
				650426F628F67D1500480677 /* Responses */,
				650F60BA28F560820011983F /* TheMoviesDBTests.swift */,
			);
			path = TheMoviesDBTests;
			sourceTree = "<group>";
		};
		650F60C328F560820011983F /* TheMoviesDBUITests */ = {
			isa = PBXGroup;
			children = (
				650F60C428F560820011983F /* TheMoviesDBUITests.swift */,
				650F60C628F560820011983F /* TheMoviesDBUITestsLaunchTests.swift */,
			);
			path = TheMoviesDBUITests;
			sourceTree = "<group>";
		};
		650F60D328F560DE0011983F /* Services */ = {
			isa = PBXGroup;
			children = (
				650F60D428F561140011983F /* Network */,
				650426F428F66E4600480677 /* GlobalService.swift */,
				6565D9A228F9CE80002A846A /* Scheduler.swift */,
			);
			path = Services;
			sourceTree = "<group>";
		};
		650F60D428F561140011983F /* Network */ = {
			isa = PBXGroup;
			children = (
				650F60D528F561200011983F /* Resource.swift */,
				650F60D728F561500011983F /* NetworkServiceType.swift */,
				650F60D928F561680011983F /* NetworkService.swift */,
			);
			path = Network;
			sourceTree = "<group>";
		};
		650F60DB28F5632E0011983F /* UseCases */ = {
			isa = PBXGroup;
			children = (
				650F60DE28F56C340011983F /* Models */,
				650F60DC28F56BE80011983F /* MovieUseCase.swift */,
				650F60E128F56D790011983F /* MovieResource.swift */,
				650F60E628F56F5D0011983F /* ApiConstants.swift */,
			);
			path = UseCases;
			sourceTree = "<group>";
		};
		650F60DE28F56C340011983F /* Models */ = {
			isa = PBXGroup;
			children = (
				650F60DF28F56C3D0011983F /* Genre.swift */,
				6504270128F6ACBC00480677 /* Movie.swift */,
			);
			path = Models;
			sourceTree = "<group>";
		};
		6513609128F818E7006062AC /* TopRate */ = {
			isa = PBXGroup;
			children = (
				6513609228F818FD006062AC /* TopRateViewController.swift */,
				6513609428F81936006062AC /* TopRateViewModel.swift */,
			);
			path = TopRate;
			sourceTree = "<group>";
		};
		6539CB9228F848660071CC4C /* Extensions */ = {
			isa = PBXGroup;
			children = (
			);
			path = Extensions;
			sourceTree = "<group>";
		};
		6539CB9528F870090071CC4C /* Frameworks */ = {
			isa = PBXGroup;
			children = (
			);
			name = Frameworks;
			sourceTree = "<group>";
		};
		6539CB9A28F880920071CC4C /* Upcoming */ = {
			isa = PBXGroup;
			children = (
				6539CB9C28F880AE0071CC4C /* UpcomingViewController.swift */,
				6539CB9B28F880AE0071CC4C /* UpcomingViewModel.swift */,
			);
			path = Upcoming;
			sourceTree = "<group>";
		};
		6539CB9F28F883AD0071CC4C /* SearchMovie */ = {
			isa = PBXGroup;
			children = (
				6539CBA028F883BB0071CC4C /* SearchMovieViewController.swift */,
				6565D99728F9B17C002A846A /* SearchResultCell.swift */,
				6565D99928F9B188002A846A /* SearchResultCell.xib */,
				6565D99E28F9BD8E002A846A /* SearchMovieViewModelType.swift */,
				6565D9A028F9BD98002A846A /* SearchMovieViewModel.swift */,
			);
			path = SearchMovie;
			sourceTree = "<group>";
		};
		657BC39928F5C882009F24CF /* Screens */ = {
			isa = PBXGroup;
			children = (
				6539CB9F28F883AD0071CC4C /* SearchMovie */,
				650426EE28F6697900480677 /* NowPlaying */,
				657BC39A28F5C888009F24CF /* SplashScreen */,
			);
			path = Screens;
			sourceTree = "<group>";
		};
		657BC39A28F5C888009F24CF /* SplashScreen */ = {
			isa = PBXGroup;
			children = (
				650F60A728F560810011983F /* SplashViewController.swift */,
				657BC39D28F5C917009F24CF /* SplashViewModelType.swift */,
				657BC39B28F5C8A0009F24CF /* SplashViewModel.swift */,
			);
			path = SplashScreen;
			sourceTree = "<group>";
		};
		65B3CD3828F7ED69004846A5 /* Popular */ = {
			isa = PBXGroup;
			children = (
				65B3CD3928F7ED82004846A5 /* PopularViewController.swift */,
				65B3CD3B28F7EDB0004846A5 /* PopularViewModel.swift */,
			);
			path = Popular;
			sourceTree = "<group>";
		};
/* End PBXGroup section */

/* Begin PBXNativeTarget section */
		650F609F28F560810011983F /* TheMoviesDB */ = {
			isa = PBXNativeTarget;
			buildConfigurationList = 650F60CA28F560820011983F /* Build configuration list for PBXNativeTarget "TheMoviesDB" */;
			buildPhases = (
				650F609C28F560810011983F /* Sources */,
				650F609D28F560810011983F /* Frameworks */,
				650F609E28F560810011983F /* Resources */,
			);
			buildRules = (
			);
			dependencies = (
			);
			name = TheMoviesDB;
			packageProductDependencies = (
				6504270A28F6C81F00480677 /* SDWebImage */,
			);
			productName = TheMoviesDB;
			productReference = 650F60A028F560810011983F /* TheMoviesDB.app */;
			productType = "com.apple.product-type.application";
		};
		650F60B528F560820011983F /* TheMoviesDBTests */ = {
			isa = PBXNativeTarget;
			buildConfigurationList = 650F60CD28F560820011983F /* Build configuration list for PBXNativeTarget "TheMoviesDBTests" */;
			buildPhases = (
				650F60B228F560820011983F /* Sources */,
				650F60B328F560820011983F /* Frameworks */,
				650F60B428F560820011983F /* Resources */,
			);
			buildRules = (
			);
			dependencies = (
				650F60B828F560820011983F /* PBXTargetDependency */,
			);
			name = TheMoviesDBTests;
			packageProductDependencies = (
				6539CB9628F870090071CC4C /* SDWebImage */,
			);
			productName = TheMoviesDBTests;
			productReference = 650F60B628F560820011983F /* TheMoviesDBTests.xctest */;
			productType = "com.apple.product-type.bundle.unit-test";
		};
		650F60BF28F560820011983F /* TheMoviesDBUITests */ = {
			isa = PBXNativeTarget;
			buildConfigurationList = 650F60D028F560820011983F /* Build configuration list for PBXNativeTarget "TheMoviesDBUITests" */;
			buildPhases = (
				650F60BC28F560820011983F /* Sources */,
				650F60BD28F560820011983F /* Frameworks */,
				650F60BE28F560820011983F /* Resources */,
			);
			buildRules = (
			);
			dependencies = (
				650F60C228F560820011983F /* PBXTargetDependency */,
			);
			name = TheMoviesDBUITests;
			productName = TheMoviesDBUITests;
			productReference = 650F60C028F560820011983F /* TheMoviesDBUITests.xctest */;
			productType = "com.apple.product-type.bundle.ui-testing";
		};
/* End PBXNativeTarget section */

/* Begin PBXProject section */
		650F609828F560810011983F /* Project object */ = {
			isa = PBXProject;
			attributes = {
				BuildIndependentTargetsInParallel = 1;
				LastSwiftUpdateCheck = 1400;
				LastUpgradeCheck = 1400;
				TargetAttributes = {
					650F609F28F560810011983F = {
						CreatedOnToolsVersion = 14.0.1;
					};
					650F60B528F560820011983F = {
						CreatedOnToolsVersion = 14.0.1;
						TestTargetID = 650F609F28F560810011983F;
					};
					650F60BF28F560820011983F = {
						CreatedOnToolsVersion = 14.0.1;
						TestTargetID = 650F609F28F560810011983F;
					};
				};
			};
			buildConfigurationList = 650F609B28F560810011983F /* Build configuration list for PBXProject "TheMoviesDB" */;
			compatibilityVersion = "Xcode 14.0";
			developmentRegion = en;
			hasScannedForEncodings = 0;
			knownRegions = (
				en,
				Base,
			);
			mainGroup = 650F609728F560810011983F;
			packageReferences = (
				6504270928F6C81F00480677 /* XCRemoteSwiftPackageReference "SDWebImage" */,
			);
			productRefGroup = 650F60A128F560810011983F /* Products */;
			projectDirPath = "";
			projectRoot = "";
			targets = (
				650F609F28F560810011983F /* TheMoviesDB */,
				650F60B528F560820011983F /* TheMoviesDBTests */,
				650F60BF28F560820011983F /* TheMoviesDBUITests */,
			);
		};
/* End PBXProject section */

/* Begin PBXResourcesBuildPhase section */
		650F609E28F560810011983F /* Resources */ = {
			isa = PBXResourcesBuildPhase;
			buildActionMask = 2147483647;
			files = (
				650F60B028F560810011983F /* LaunchScreen.storyboard in Resources */,
				6565D99A28F9B188002A846A /* SearchResultCell.xib in Resources */,
				650F60AD28F560810011983F /* Assets.xcassets in Resources */,
				650F60AB28F560810011983F /* Main.storyboard in Resources */,
				6519D6EC28F7B47600ADB3E3 /* MoviePosterCollectionCell.xib in Resources */,
			);
			runOnlyForDeploymentPostprocessing = 0;
		};
		650F60B428F560820011983F /* Resources */ = {
			isa = PBXResourcesBuildPhase;
			buildActionMask = 2147483647;
			files = (
				650426FA28F683C200480677 /* Genre.json in Resources */,
				6539CB9928F870610071CC4C /* NowPlaying.json in Resources */,
			);
			runOnlyForDeploymentPostprocessing = 0;
		};
		650F60BE28F560820011983F /* Resources */ = {
			isa = PBXResourcesBuildPhase;
			buildActionMask = 2147483647;
			files = (
			);
			runOnlyForDeploymentPostprocessing = 0;
		};
/* End PBXResourcesBuildPhase section */

/* Begin PBXSourcesBuildPhase section */
		650F609C28F560810011983F /* Sources */ = {
			isa = PBXSourcesBuildPhase;
			buildActionMask = 2147483647;
			files = (
				6539CB9D28F880AE0071CC4C /* UpcomingViewModel.swift in Sources */,
				650F60E728F56F5D0011983F /* ApiConstants.swift in Sources */,
				650F60A828F560810011983F /* SplashViewController.swift in Sources */,
				6565D9A328F9CE80002A846A /* Scheduler.swift in Sources */,
				6504270228F6ACBC00480677 /* Movie.swift in Sources */,
				650F60D628F561200011983F /* Resource.swift in Sources */,
				6539CBA128F883BB0071CC4C /* SearchMovieViewController.swift in Sources */,
				6513609528F81936006062AC /* TopRateViewModel.swift in Sources */,
				6565D9A128F9BD98002A846A /* SearchMovieViewModel.swift in Sources */,
				6565D99828F9B17C002A846A /* SearchResultCell.swift in Sources */,
				657BC39C28F5C8A0009F24CF /* SplashViewModel.swift in Sources */,
				650F60E228F56D790011983F /* MovieResource.swift in Sources */,
				650426F028F6699200480677 /* NowPlayingViewController.swift in Sources */,
				657BC39E28F5C917009F24CF /* SplashViewModelType.swift in Sources */,
				650426F328F669DA00480677 /* Router.swift in Sources */,
				650F60A428F560810011983F /* AppDelegate.swift in Sources */,
				6513609328F818FD006062AC /* TopRateViewController.swift in Sources */,
				650F60D828F561500011983F /* NetworkServiceType.swift in Sources */,
				650F60DD28F56BE80011983F /* MovieUseCase.swift in Sources */,
				6504270628F6B12500480677 /* NowPlayingViewModelType.swift in Sources */,
				6565D99F28F9BD8E002A846A /* SearchMovieViewModelType.swift in Sources */,
				65B3CD3C28F7EDB0004846A5 /* PopularViewModel.swift in Sources */,
				650426F528F66E4600480677 /* GlobalService.swift in Sources */,
				6539CB9E28F880AE0071CC4C /* UpcomingViewController.swift in Sources */,
				650F60DA28F561680011983F /* NetworkService.swift in Sources */,
				650F60E028F56C3D0011983F /* Genre.swift in Sources */,
				650F60A628F560810011983F /* SceneDelegate.swift in Sources */,
				65B3CD3A28F7ED82004846A5 /* PopularViewController.swift in Sources */,
				6504270428F6B11E00480677 /* NowPlayingViewModel.swift in Sources */,
				6504270828F6C77200480677 /* MoviePosterCollectionCell.swift in Sources */,
			);
			runOnlyForDeploymentPostprocessing = 0;
		};
		650F60B228F560820011983F /* Sources */ = {
			isa = PBXSourcesBuildPhase;
			buildActionMask = 2147483647;
			files = (
				650426FD28F68A9500480677 /* NetworkServiceTypeMock.swift in Sources */,
				6504270028F68AC500480677 /* LoadFileExt.swift in Sources */,
				650F60BB28F560820011983F /* TheMoviesDBTests.swift in Sources */,
			);
			runOnlyForDeploymentPostprocessing = 0;
		};
		650F60BC28F560820011983F /* Sources */ = {
			isa = PBXSourcesBuildPhase;
			buildActionMask = 2147483647;
			files = (
				650F60C528F560820011983F /* TheMoviesDBUITests.swift in Sources */,
				650F60C728F560820011983F /* TheMoviesDBUITestsLaunchTests.swift in Sources */,
			);
			runOnlyForDeploymentPostprocessing = 0;
		};
/* End PBXSourcesBuildPhase section */

/* Begin PBXTargetDependency section */
		650F60B828F560820011983F /* PBXTargetDependency */ = {
			isa = PBXTargetDependency;
			target = 650F609F28F560810011983F /* TheMoviesDB */;
			targetProxy = 650F60B728F560820011983F /* PBXContainerItemProxy */;
		};
		650F60C228F560820011983F /* PBXTargetDependency */ = {
			isa = PBXTargetDependency;
			target = 650F609F28F560810011983F /* TheMoviesDB */;
			targetProxy = 650F60C128F560820011983F /* PBXContainerItemProxy */;
		};
/* End PBXTargetDependency section */

/* Begin PBXVariantGroup section */
		650F60A928F560810011983F /* Main.storyboard */ = {
			isa = PBXVariantGroup;
			children = (
				650F60AA28F560810011983F /* Base */,
			);
			name = Main.storyboard;
			sourceTree = "<group>";
		};
		650F60AE28F560810011983F /* LaunchScreen.storyboard */ = {
			isa = PBXVariantGroup;
			children = (
				650F60AF28F560810011983F /* Base */,
			);
			name = LaunchScreen.storyboard;
			sourceTree = "<group>";
		};
/* End PBXVariantGroup section */

/* Begin XCBuildConfiguration section */
		650F60C828F560820011983F /* Debug */ = {
			isa = XCBuildConfiguration;
			buildSettings = {
				ALWAYS_SEARCH_USER_PATHS = NO;
				CLANG_ANALYZER_NONNULL = YES;
				CLANG_ANALYZER_NUMBER_OBJECT_CONVERSION = YES_AGGRESSIVE;
				CLANG_CXX_LANGUAGE_STANDARD = "gnu++20";
				CLANG_ENABLE_MODULES = YES;
				CLANG_ENABLE_OBJC_ARC = YES;
				CLANG_ENABLE_OBJC_WEAK = YES;
				CLANG_WARN_BLOCK_CAPTURE_AUTORELEASING = YES;
				CLANG_WARN_BOOL_CONVERSION = YES;
				CLANG_WARN_COMMA = YES;
				CLANG_WARN_CONSTANT_CONVERSION = YES;
				CLANG_WARN_DEPRECATED_OBJC_IMPLEMENTATIONS = YES;
				CLANG_WARN_DIRECT_OBJC_ISA_USAGE = YES_ERROR;
				CLANG_WARN_DOCUMENTATION_COMMENTS = YES;
				CLANG_WARN_EMPTY_BODY = YES;
				CLANG_WARN_ENUM_CONVERSION = YES;
				CLANG_WARN_INFINITE_RECURSION = YES;
				CLANG_WARN_INT_CONVERSION = YES;
				CLANG_WARN_NON_LITERAL_NULL_CONVERSION = YES;
				CLANG_WARN_OBJC_IMPLICIT_RETAIN_SELF = YES;
				CLANG_WARN_OBJC_LITERAL_CONVERSION = YES;
				CLANG_WARN_OBJC_ROOT_CLASS = YES_ERROR;
				CLANG_WARN_QUOTED_INCLUDE_IN_FRAMEWORK_HEADER = YES;
				CLANG_WARN_RANGE_LOOP_ANALYSIS = YES;
				CLANG_WARN_STRICT_PROTOTYPES = YES;
				CLANG_WARN_SUSPICIOUS_MOVE = YES;
				CLANG_WARN_UNGUARDED_AVAILABILITY = YES_AGGRESSIVE;
				CLANG_WARN_UNREACHABLE_CODE = YES;
				CLANG_WARN__DUPLICATE_METHOD_MATCH = YES;
				COPY_PHASE_STRIP = NO;
				DEBUG_INFORMATION_FORMAT = dwarf;
				ENABLE_STRICT_OBJC_MSGSEND = YES;
				ENABLE_TESTABILITY = YES;
				GCC_C_LANGUAGE_STANDARD = gnu11;
				GCC_DYNAMIC_NO_PIC = NO;
				GCC_NO_COMMON_BLOCKS = YES;
				GCC_OPTIMIZATION_LEVEL = 0;
				GCC_PREPROCESSOR_DEFINITIONS = (
					"DEBUG=1",
					"$(inherited)",
				);
				GCC_WARN_64_TO_32_BIT_CONVERSION = YES;
				GCC_WARN_ABOUT_RETURN_TYPE = YES_ERROR;
				GCC_WARN_UNDECLARED_SELECTOR = YES;
				GCC_WARN_UNINITIALIZED_AUTOS = YES_AGGRESSIVE;
				GCC_WARN_UNUSED_FUNCTION = YES;
				GCC_WARN_UNUSED_VARIABLE = YES;
				IPHONEOS_DEPLOYMENT_TARGET = 16.0;
				MTL_ENABLE_DEBUG_INFO = INCLUDE_SOURCE;
				MTL_FAST_MATH = YES;
				ONLY_ACTIVE_ARCH = YES;
				SDKROOT = iphoneos;
				SWIFT_ACTIVE_COMPILATION_CONDITIONS = DEBUG;
				SWIFT_OPTIMIZATION_LEVEL = "-Onone";
			};
			name = Debug;
		};
		650F60C928F560820011983F /* Release */ = {
			isa = XCBuildConfiguration;
			buildSettings = {
				ALWAYS_SEARCH_USER_PATHS = NO;
				CLANG_ANALYZER_NONNULL = YES;
				CLANG_ANALYZER_NUMBER_OBJECT_CONVERSION = YES_AGGRESSIVE;
				CLANG_CXX_LANGUAGE_STANDARD = "gnu++20";
				CLANG_ENABLE_MODULES = YES;
				CLANG_ENABLE_OBJC_ARC = YES;
				CLANG_ENABLE_OBJC_WEAK = YES;
				CLANG_WARN_BLOCK_CAPTURE_AUTORELEASING = YES;
				CLANG_WARN_BOOL_CONVERSION = YES;
				CLANG_WARN_COMMA = YES;
				CLANG_WARN_CONSTANT_CONVERSION = YES;
				CLANG_WARN_DEPRECATED_OBJC_IMPLEMENTATIONS = YES;
				CLANG_WARN_DIRECT_OBJC_ISA_USAGE = YES_ERROR;
				CLANG_WARN_DOCUMENTATION_COMMENTS = YES;
				CLANG_WARN_EMPTY_BODY = YES;
				CLANG_WARN_ENUM_CONVERSION = YES;
				CLANG_WARN_INFINITE_RECURSION = YES;
				CLANG_WARN_INT_CONVERSION = YES;
				CLANG_WARN_NON_LITERAL_NULL_CONVERSION = YES;
				CLANG_WARN_OBJC_IMPLICIT_RETAIN_SELF = YES;
				CLANG_WARN_OBJC_LITERAL_CONVERSION = YES;
				CLANG_WARN_OBJC_ROOT_CLASS = YES_ERROR;
				CLANG_WARN_QUOTED_INCLUDE_IN_FRAMEWORK_HEADER = YES;
				CLANG_WARN_RANGE_LOOP_ANALYSIS = YES;
				CLANG_WARN_STRICT_PROTOTYPES = YES;
				CLANG_WARN_SUSPICIOUS_MOVE = YES;
				CLANG_WARN_UNGUARDED_AVAILABILITY = YES_AGGRESSIVE;
				CLANG_WARN_UNREACHABLE_CODE = YES;
				CLANG_WARN__DUPLICATE_METHOD_MATCH = YES;
				COPY_PHASE_STRIP = NO;
				DEBUG_INFORMATION_FORMAT = "dwarf-with-dsym";
				ENABLE_NS_ASSERTIONS = NO;
				ENABLE_STRICT_OBJC_MSGSEND = YES;
				GCC_C_LANGUAGE_STANDARD = gnu11;
				GCC_NO_COMMON_BLOCKS = YES;
				GCC_WARN_64_TO_32_BIT_CONVERSION = YES;
				GCC_WARN_ABOUT_RETURN_TYPE = YES_ERROR;
				GCC_WARN_UNDECLARED_SELECTOR = YES;
				GCC_WARN_UNINITIALIZED_AUTOS = YES_AGGRESSIVE;
				GCC_WARN_UNUSED_FUNCTION = YES;
				GCC_WARN_UNUSED_VARIABLE = YES;
				IPHONEOS_DEPLOYMENT_TARGET = 16.0;
				MTL_ENABLE_DEBUG_INFO = NO;
				MTL_FAST_MATH = YES;
				SDKROOT = iphoneos;
				SWIFT_COMPILATION_MODE = wholemodule;
				SWIFT_OPTIMIZATION_LEVEL = "-O";
				VALIDATE_PRODUCT = YES;
			};
			name = Release;
		};
		650F60CB28F560820011983F /* Debug */ = {
			isa = XCBuildConfiguration;
			buildSettings = {
				ASSETCATALOG_COMPILER_APPICON_NAME = AppIcon;
				ASSETCATALOG_COMPILER_GLOBAL_ACCENT_COLOR_NAME = AccentColor;
				CODE_SIGN_STYLE = Automatic;
				CURRENT_PROJECT_VERSION = 1;
				DEVELOPMENT_TEAM = QUM96RLE54;
				GENERATE_INFOPLIST_FILE = YES;
				INFOPLIST_FILE = TheMoviesDB/Info.plist;
				INFOPLIST_KEY_UIApplicationSupportsIndirectInputEvents = YES;
				INFOPLIST_KEY_UILaunchStoryboardName = LaunchScreen;
				INFOPLIST_KEY_UIMainStoryboardFile = Main;
				INFOPLIST_KEY_UISupportedInterfaceOrientations_iPad = "UIInterfaceOrientationPortrait UIInterfaceOrientationPortraitUpsideDown UIInterfaceOrientationLandscapeLeft UIInterfaceOrientationLandscapeRight";
				INFOPLIST_KEY_UISupportedInterfaceOrientations_iPhone = "UIInterfaceOrientationPortrait UIInterfaceOrientationLandscapeLeft UIInterfaceOrientationLandscapeRight";
				IPHONEOS_DEPLOYMENT_TARGET = 13.0;
				LD_RUNPATH_SEARCH_PATHS = (
					"$(inherited)",
					"@executable_path/Frameworks",
				);
				MARKETING_VERSION = 1.0;
				PRODUCT_BUNDLE_IDENTIFIER = com.hls.TheMoviesDB;
				PRODUCT_NAME = "$(TARGET_NAME)";
				SWIFT_EMIT_LOC_STRINGS = YES;
				SWIFT_VERSION = 5.0;
				TARGETED_DEVICE_FAMILY = "1,2";
			};
			name = Debug;
		};
		650F60CC28F560820011983F /* Release */ = {
			isa = XCBuildConfiguration;
			buildSettings = {
				ASSETCATALOG_COMPILER_APPICON_NAME = AppIcon;
				ASSETCATALOG_COMPILER_GLOBAL_ACCENT_COLOR_NAME = AccentColor;
				CODE_SIGN_STYLE = Automatic;
				CURRENT_PROJECT_VERSION = 1;
				DEVELOPMENT_TEAM = QUM96RLE54;
				GENERATE_INFOPLIST_FILE = YES;
				INFOPLIST_FILE = TheMoviesDB/Info.plist;
				INFOPLIST_KEY_UIApplicationSupportsIndirectInputEvents = YES;
				INFOPLIST_KEY_UILaunchStoryboardName = LaunchScreen;
				INFOPLIST_KEY_UIMainStoryboardFile = Main;
				INFOPLIST_KEY_UISupportedInterfaceOrientations_iPad = "UIInterfaceOrientationPortrait UIInterfaceOrientationPortraitUpsideDown UIInterfaceOrientationLandscapeLeft UIInterfaceOrientationLandscapeRight";
				INFOPLIST_KEY_UISupportedInterfaceOrientations_iPhone = "UIInterfaceOrientationPortrait UIInterfaceOrientationLandscapeLeft UIInterfaceOrientationLandscapeRight";
				IPHONEOS_DEPLOYMENT_TARGET = 13.0;
				LD_RUNPATH_SEARCH_PATHS = (
					"$(inherited)",
					"@executable_path/Frameworks",
				);
				MARKETING_VERSION = 1.0;
				PRODUCT_BUNDLE_IDENTIFIER = com.hls.TheMoviesDB;
				PRODUCT_NAME = "$(TARGET_NAME)";
				SWIFT_EMIT_LOC_STRINGS = YES;
				SWIFT_VERSION = 5.0;
				TARGETED_DEVICE_FAMILY = "1,2";
			};
			name = Release;
		};
		650F60CE28F560820011983F /* Debug */ = {
			isa = XCBuildConfiguration;
			buildSettings = {
				ALWAYS_EMBED_SWIFT_STANDARD_LIBRARIES = YES;
				BUNDLE_LOADER = "$(TEST_HOST)";
				CODE_SIGN_STYLE = Automatic;
				CURRENT_PROJECT_VERSION = 1;
				DEVELOPMENT_TEAM = QUM96RLE54;
				GENERATE_INFOPLIST_FILE = YES;
				IPHONEOS_DEPLOYMENT_TARGET = 13.0;
				MARKETING_VERSION = 1.0;
				PRODUCT_BUNDLE_IDENTIFIER = com.hls.TheMoviesDBTests;
				PRODUCT_NAME = "$(TARGET_NAME)";
				SWIFT_EMIT_LOC_STRINGS = NO;
				SWIFT_VERSION = 5.0;
				TARGETED_DEVICE_FAMILY = "1,2";
				TEST_HOST = "$(BUILT_PRODUCTS_DIR)/TheMoviesDB.app/$(BUNDLE_EXECUTABLE_FOLDER_PATH)/TheMoviesDB";
			};
			name = Debug;
		};
		650F60CF28F560820011983F /* Release */ = {
			isa = XCBuildConfiguration;
			buildSettings = {
				ALWAYS_EMBED_SWIFT_STANDARD_LIBRARIES = YES;
				BUNDLE_LOADER = "$(TEST_HOST)";
				CODE_SIGN_STYLE = Automatic;
				CURRENT_PROJECT_VERSION = 1;
				DEVELOPMENT_TEAM = QUM96RLE54;
				GENERATE_INFOPLIST_FILE = YES;
				IPHONEOS_DEPLOYMENT_TARGET = 13.0;
				MARKETING_VERSION = 1.0;
				PRODUCT_BUNDLE_IDENTIFIER = com.hls.TheMoviesDBTests;
				PRODUCT_NAME = "$(TARGET_NAME)";
				SWIFT_EMIT_LOC_STRINGS = NO;
				SWIFT_VERSION = 5.0;
				TARGETED_DEVICE_FAMILY = "1,2";
				TEST_HOST = "$(BUILT_PRODUCTS_DIR)/TheMoviesDB.app/$(BUNDLE_EXECUTABLE_FOLDER_PATH)/TheMoviesDB";
			};
			name = Release;
		};
		650F60D128F560820011983F /* Debug */ = {
			isa = XCBuildConfiguration;
			buildSettings = {
				ALWAYS_EMBED_SWIFT_STANDARD_LIBRARIES = YES;
				CODE_SIGN_STYLE = Automatic;
				CURRENT_PROJECT_VERSION = 1;
				DEVELOPMENT_TEAM = QUM96RLE54;
				GENERATE_INFOPLIST_FILE = YES;
				MARKETING_VERSION = 1.0;
				PRODUCT_BUNDLE_IDENTIFIER = com.hls.TheMoviesDBUITests;
				PRODUCT_NAME = "$(TARGET_NAME)";
				SWIFT_EMIT_LOC_STRINGS = NO;
				SWIFT_VERSION = 5.0;
				TARGETED_DEVICE_FAMILY = "1,2";
				TEST_TARGET_NAME = TheMoviesDB;
			};
			name = Debug;
		};
		650F60D228F560820011983F /* Release */ = {
			isa = XCBuildConfiguration;
			buildSettings = {
				ALWAYS_EMBED_SWIFT_STANDARD_LIBRARIES = YES;
				CODE_SIGN_STYLE = Automatic;
				CURRENT_PROJECT_VERSION = 1;
				DEVELOPMENT_TEAM = QUM96RLE54;
				GENERATE_INFOPLIST_FILE = YES;
				MARKETING_VERSION = 1.0;
				PRODUCT_BUNDLE_IDENTIFIER = com.hls.TheMoviesDBUITests;
				PRODUCT_NAME = "$(TARGET_NAME)";
				SWIFT_EMIT_LOC_STRINGS = NO;
				SWIFT_VERSION = 5.0;
				TARGETED_DEVICE_FAMILY = "1,2";
				TEST_TARGET_NAME = TheMoviesDB;
			};
			name = Release;
		};
/* End XCBuildConfiguration section */

/* Begin XCConfigurationList section */
		650F609B28F560810011983F /* Build configuration list for PBXProject "TheMoviesDB" */ = {
			isa = XCConfigurationList;
			buildConfigurations = (
				650F60C828F560820011983F /* Debug */,
				650F60C928F560820011983F /* Release */,
			);
			defaultConfigurationIsVisible = 0;
			defaultConfigurationName = Release;
		};
		650F60CA28F560820011983F /* Build configuration list for PBXNativeTarget "TheMoviesDB" */ = {
			isa = XCConfigurationList;
			buildConfigurations = (
				650F60CB28F560820011983F /* Debug */,
				650F60CC28F560820011983F /* Release */,
			);
			defaultConfigurationIsVisible = 0;
			defaultConfigurationName = Release;
		};
		650F60CD28F560820011983F /* Build configuration list for PBXNativeTarget "TheMoviesDBTests" */ = {
			isa = XCConfigurationList;
			buildConfigurations = (
				650F60CE28F560820011983F /* Debug */,
				650F60CF28F560820011983F /* Release */,
			);
			defaultConfigurationIsVisible = 0;
			defaultConfigurationName = Release;
		};
		650F60D028F560820011983F /* Build configuration list for PBXNativeTarget "TheMoviesDBUITests" */ = {
			isa = XCConfigurationList;
			buildConfigurations = (
				650F60D128F560820011983F /* Debug */,
				650F60D228F560820011983F /* Release */,
			);
			defaultConfigurationIsVisible = 0;
			defaultConfigurationName = Release;
		};
/* End XCConfigurationList section */

/* Begin XCRemoteSwiftPackageReference section */
		6504270928F6C81F00480677 /* XCRemoteSwiftPackageReference "SDWebImage" */ = {
			isa = XCRemoteSwiftPackageReference;
			repositoryURL = "https://github.com/SDWebImage/SDWebImage.git";
			requirement = {
				kind = upToNextMajorVersion;
				minimumVersion = 5.0.0;
			};
		};
/* End XCRemoteSwiftPackageReference section */

/* Begin XCSwiftPackageProductDependency section */
		6504270A28F6C81F00480677 /* SDWebImage */ = {
			isa = XCSwiftPackageProductDependency;
			package = 6504270928F6C81F00480677 /* XCRemoteSwiftPackageReference "SDWebImage" */;
			productName = SDWebImage;
		};
		6539CB9628F870090071CC4C /* SDWebImage */ = {
			isa = XCSwiftPackageProductDependency;
			package = 6504270928F6C81F00480677 /* XCRemoteSwiftPackageReference "SDWebImage" */;
			productName = SDWebImage;
		};
/* End XCSwiftPackageProductDependency section */
	};
	rootObject = 650F609828F560810011983F /* Project object */;
}
